
Microsoft Visual Studio Solution File, Format Version 12.00
# Visual Studio Version 17
VisualStudioVersion = 17.6.33712.159
MinimumVisualStudioVersion = 10.0.40219.1
Project("{2150E333-8FDC-42A3-9474-1A3956D46DE8}") = "Services", "Services", "{BCF84E34-7DFF-4846-80B9-B4883CEF917D}"
EndProject
Project("{2150E333-8FDC-42A3-9474-1A3956D46DE8}") = "Catalog", "Catalog", "{8BEFAD44-7EB2-4F6D-AE75-669933CC330B}"
EndProject
Project("{9A19103F-16F7-4668-BE54-9A1E7A4F7556}") = "Catalog.API", "Services\Catalog\Catalog.API\Catalog.API.csproj", "{342168E6-65F0-4E13-993C-0EE693BD53A3}"
EndProject
Project("{E53339B2-1760-4266-BCC7-CA923CBCF16C}") = "docker-compose", "docker-compose.dcproj", "{BE5CB1B7-42A7-44B7-94A7-1679F63A33D1}"
EndProject
Project("{2150E333-8FDC-42A3-9474-1A3956D46DE8}") = "Basket", "Basket", "{3E08825B-C5D7-444F-8A10-19F075CC5025}"
EndProject
Project("{9A19103F-16F7-4668-BE54-9A1E7A4F7556}") = "Basket.API", "Services\Basket\Basket.API\Basket.API.csproj", "{58781D2C-EECC-460E-8DCB-1D70E65A8979}"
EndProject
Project("{2150E333-8FDC-42A3-9474-1A3956D46DE8}") = "Discount", "Discount", "{C8F81B21-2AAF-45C1-94AF-638A4AC99A0E}"
EndProject
Project("{9A19103F-16F7-4668-BE54-9A1E7A4F7556}") = "Discount.API", "Services\Discount\Discount.API\Discount.API.csproj", "{DA083FF9-4256-46F5-ABED-75BBC60AFCF5}"
EndProject
Project("{9A19103F-16F7-4668-BE54-9A1E7A4F7556}") = "Discount.Grpc", "Services\Discount\Discount.Grpc\Discount.Grpc.csproj", "{A9497643-BA06-4BB7-9A6B-D5B11541915B}"
EndProject
Project("{2150E333-8FDC-42A3-9474-1A3956D46DE8}") = "Ordering", "Ordering", "{A45EAB99-4A85-4657-B237-86AF2C9BCB33}"
EndProject
Project("{9A19103F-16F7-4668-BE54-9A1E7A4F7556}") = "Ordering.API", "Services\Ordering\Ordering.API\Ordering.API.csproj", "{002EF403-A741-45CD-9DBB-8AEFAE833AB4}"
EndProject
Project("{9A19103F-16F7-4668-BE54-9A1E7A4F7556}") = "Ordering.Domain", "Services\Ordering\Ordering.Domain\Ordering.Domain.csproj", "{7692E01B-0EAE-42C4-8FE6-ED382BBEA0E1}"
EndProject
Project("{9A19103F-16F7-4668-BE54-9A1E7A4F7556}") = "Ordering.Application", "Services\Ordering\Ordering.Application\Ordering.Application.csproj", "{B4EAF69E-D459-400E-BDC8-E59C6BF090ED}"
EndProject
Project("{9A19103F-16F7-4668-BE54-9A1E7A4F7556}") = "Ordering.Infrastructure", "Services\Ordering\Ordering.Infrastructure\Ordering.Infrastructure.csproj", "{48793657-7CB7-4B66-B437-AF32F1F1AF04}"
EndProject
Project("{2150E333-8FDC-42A3-9474-1A3956D46DE8}") = "BuildingBlocks", "BuildingBlocks", "{798E094F-BED5-4570-9AE5-EB5677EDFF89}"
EndProject
Project("{FAE04EC0-301F-11D3-BF4B-00C04F79EFBC}") = "EventBus.Message", "BuildingBlocks\EventBus.Message\EventBus.Message.csproj", "{CB367F16-67EF-4F3B-86B9-759571B29912}"
EndProject
Project("{2150E333-8FDC-42A3-9474-1A3956D46DE8}") = "ApiGateways", "ApiGateways", "{150466C6-E1ED-49CD-8234-B1DD0B7B61A1}"
EndProject
Project("{FAE04EC0-301F-11D3-BF4B-00C04F79EFBC}") = "OcelotApiGw", "ApiGateways\OcelotApiGw\OcelotApiGw.csproj", "{31B821C1-A2C6-4C22-893F-A8B11D9D7A80}"
EndProject
Project("{FAE04EC0-301F-11D3-BF4B-00C04F79EFBC}") = "Shopping.Aggregator", "ApiGateways\Shopping.Aggregator\Shopping.Aggregator.csproj", "{68AAA376-39F1-4FD8-A746-AD20F4F38A62}"
EndProject
Global
	GlobalSection(SolutionConfigurationPlatforms) = preSolution
		Debug|Any CPU = Debug|Any CPU
		Release|Any CPU = Release|Any CPU
	EndGlobalSection
	GlobalSection(ProjectConfigurationPlatforms) = postSolution
		{342168E6-65F0-4E13-993C-0EE693BD53A3}.Debug|Any CPU.ActiveCfg = Debug|Any CPU
		{342168E6-65F0-4E13-993C-0EE693BD53A3}.Debug|Any CPU.Build.0 = Debug|Any CPU
		{342168E6-65F0-4E13-993C-0EE693BD53A3}.Release|Any CPU.ActiveCfg = Release|Any CPU
		{342168E6-65F0-4E13-993C-0EE693BD53A3}.Release|Any CPU.Build.0 = Release|Any CPU
		{BE5CB1B7-42A7-44B7-94A7-1679F63A33D1}.Debug|Any CPU.ActiveCfg = Debug|Any CPU
		{BE5CB1B7-42A7-44B7-94A7-1679F63A33D1}.Debug|Any CPU.Build.0 = Debug|Any CPU
		{BE5CB1B7-42A7-44B7-94A7-1679F63A33D1}.Release|Any CPU.ActiveCfg = Release|Any CPU
		{BE5CB1B7-42A7-44B7-94A7-1679F63A33D1}.Release|Any CPU.Build.0 = Release|Any CPU
		{58781D2C-EECC-460E-8DCB-1D70E65A8979}.Debug|Any CPU.ActiveCfg = Debug|Any CPU
		{58781D2C-EECC-460E-8DCB-1D70E65A8979}.Debug|Any CPU.Build.0 = Debug|Any CPU
		{58781D2C-EECC-460E-8DCB-1D70E65A8979}.Release|Any CPU.ActiveCfg = Release|Any CPU
		{58781D2C-EECC-460E-8DCB-1D70E65A8979}.Release|Any CPU.Build.0 = Release|Any CPU
		{DA083FF9-4256-46F5-ABED-75BBC60AFCF5}.Debug|Any CPU.ActiveCfg = Debug|Any CPU
		{DA083FF9-4256-46F5-ABED-75BBC60AFCF5}.Debug|Any CPU.Build.0 = Debug|Any CPU
		{DA083FF9-4256-46F5-ABED-75BBC60AFCF5}.Release|Any CPU.ActiveCfg = Release|Any CPU
		{DA083FF9-4256-46F5-ABED-75BBC60AFCF5}.Release|Any CPU.Build.0 = Release|Any CPU
		{A9497643-BA06-4BB7-9A6B-D5B11541915B}.Debug|Any CPU.ActiveCfg = Debug|Any CPU
		{A9497643-BA06-4BB7-9A6B-D5B11541915B}.Debug|Any CPU.Build.0 = Debug|Any CPU
		{A9497643-BA06-4BB7-9A6B-D5B11541915B}.Release|Any CPU.ActiveCfg = Release|Any CPU
		{A9497643-BA06-4BB7-9A6B-D5B11541915B}.Release|Any CPU.Build.0 = Release|Any CPU
		{002EF403-A741-45CD-9DBB-8AEFAE833AB4}.Debug|Any CPU.ActiveCfg = Debug|Any CPU
		{002EF403-A741-45CD-9DBB-8AEFAE833AB4}.Debug|Any CPU.Build.0 = Debug|Any CPU
		{002EF403-A741-45CD-9DBB-8AEFAE833AB4}.Release|Any CPU.ActiveCfg = Release|Any CPU
		{002EF403-A741-45CD-9DBB-8AEFAE833AB4}.Release|Any CPU.Build.0 = Release|Any CPU
		{7692E01B-0EAE-42C4-8FE6-ED382BBEA0E1}.Debug|Any CPU.ActiveCfg = Debug|Any CPU
		{7692E01B-0EAE-42C4-8FE6-ED382BBEA0E1}.Debug|Any CPU.Build.0 = Debug|Any CPU
		{7692E01B-0EAE-42C4-8FE6-ED382BBEA0E1}.Release|Any CPU.ActiveCfg = Release|Any CPU
		{7692E01B-0EAE-42C4-8FE6-ED382BBEA0E1}.Release|Any CPU.Build.0 = Release|Any CPU
		{B4EAF69E-D459-400E-BDC8-E59C6BF090ED}.Debug|Any CPU.ActiveCfg = Debug|Any CPU
		{B4EAF69E-D459-400E-BDC8-E59C6BF090ED}.Debug|Any CPU.Build.0 = Debug|Any CPU
		{B4EAF69E-D459-400E-BDC8-E59C6BF090ED}.Release|Any CPU.ActiveCfg = Release|Any CPU
		{B4EAF69E-D459-400E-BDC8-E59C6BF090ED}.Release|Any CPU.Build.0 = Release|Any CPU
		{48793657-7CB7-4B66-B437-AF32F1F1AF04}.Debug|Any CPU.ActiveCfg = Debug|Any CPU
		{48793657-7CB7-4B66-B437-AF32F1F1AF04}.Debug|Any CPU.Build.0 = Debug|Any CPU
		{48793657-7CB7-4B66-B437-AF32F1F1AF04}.Release|Any CPU.ActiveCfg = Release|Any CPU
		{48793657-7CB7-4B66-B437-AF32F1F1AF04}.Release|Any CPU.Build.0 = Release|Any CPU
		{CB367F16-67EF-4F3B-86B9-759571B29912}.Debug|Any CPU.ActiveCfg = Debug|Any CPU
		{CB367F16-67EF-4F3B-86B9-759571B29912}.Debug|Any CPU.Build.0 = Debug|Any CPU
		{CB367F16-67EF-4F3B-86B9-759571B29912}.Release|Any CPU.ActiveCfg = Release|Any CPU
		{CB367F16-67EF-4F3B-86B9-759571B29912}.Release|Any CPU.Build.0 = Release|Any CPU
		{31B821C1-A2C6-4C22-893F-A8B11D9D7A80}.Debug|Any CPU.ActiveCfg = Debug|Any CPU
		{31B821C1-A2C6-4C22-893F-A8B11D9D7A80}.Debug|Any CPU.Build.0 = Debug|Any CPU
		{31B821C1-A2C6-4C22-893F-A8B11D9D7A80}.Release|Any CPU.ActiveCfg = Release|Any CPU
		{31B821C1-A2C6-4C22-893F-A8B11D9D7A80}.Release|Any CPU.Build.0 = Release|Any CPU
		{68AAA376-39F1-4FD8-A746-AD20F4F38A62}.Debug|Any CPU.ActiveCfg = Debug|Any CPU
		{68AAA376-39F1-4FD8-A746-AD20F4F38A62}.Debug|Any CPU.Build.0 = Debug|Any CPU
		{68AAA376-39F1-4FD8-A746-AD20F4F38A62}.Release|Any CPU.ActiveCfg = Release|Any CPU
		{68AAA376-39F1-4FD8-A746-AD20F4F38A62}.Release|Any CPU.Build.0 = Release|Any CPU
	EndGlobalSection
	GlobalSection(SolutionProperties) = preSolution
		HideSolutionNode = FALSE
	EndGlobalSection
	GlobalSection(NestedProjects) = preSolution
		{8BEFAD44-7EB2-4F6D-AE75-669933CC330B} = {BCF84E34-7DFF-4846-80B9-B4883CEF917D}
		{342168E6-65F0-4E13-993C-0EE693BD53A3} = {8BEFAD44-7EB2-4F6D-AE75-669933CC330B}
		{3E08825B-C5D7-444F-8A10-19F075CC5025} = {BCF84E34-7DFF-4846-80B9-B4883CEF917D}
		{58781D2C-EECC-460E-8DCB-1D70E65A8979} = {3E08825B-C5D7-444F-8A10-19F075CC5025}
		{C8F81B21-2AAF-45C1-94AF-638A4AC99A0E} = {BCF84E34-7DFF-4846-80B9-B4883CEF917D}
		{DA083FF9-4256-46F5-ABED-75BBC60AFCF5} = {C8F81B21-2AAF-45C1-94AF-638A4AC99A0E}
		{A9497643-BA06-4BB7-9A6B-D5B11541915B} = {C8F81B21-2AAF-45C1-94AF-638A4AC99A0E}
		{A45EAB99-4A85-4657-B237-86AF2C9BCB33} = {BCF84E34-7DFF-4846-80B9-B4883CEF917D}
		{002EF403-A741-45CD-9DBB-8AEFAE833AB4} = {A45EAB99-4A85-4657-B237-86AF2C9BCB33}
		{7692E01B-0EAE-42C4-8FE6-ED382BBEA0E1} = {A45EAB99-4A85-4657-B237-86AF2C9BCB33}
		{B4EAF69E-D459-400E-BDC8-E59C6BF090ED} = {A45EAB99-4A85-4657-B237-86AF2C9BCB33}
		{48793657-7CB7-4B66-B437-AF32F1F1AF04} = {A45EAB99-4A85-4657-B237-86AF2C9BCB33}
		{CB367F16-67EF-4F3B-86B9-759571B29912} = {798E094F-BED5-4570-9AE5-EB5677EDFF89}
		{31B821C1-A2C6-4C22-893F-A8B11D9D7A80} = {150466C6-E1ED-49CD-8234-B1DD0B7B61A1}
		{68AAA376-39F1-4FD8-A746-AD20F4F38A62} = {150466C6-E1ED-49CD-8234-B1DD0B7B61A1}
	EndGlobalSection
	GlobalSection(ExtensibilityGlobals) = postSolution
		SolutionGuid = {9157D48D-077F-439A-AA7C-ED42FF990B87}
	EndGlobalSection
EndGlobal
